// !$*UTF8*$!
{
	archiveVersion = 1;
	classes = {
	};
	objectVersion = 51;
	objects = {

/* Begin PBXBuildFile section */
		5515811C24D87F8D00A99C38 /* ChannelChatViewController.swift in Sources */ = {isa = PBXBuildFile; fileRef = 5515811B24D87F8D00A99C38 /* ChannelChatViewController.swift */; };
		551B96D2248FEAA90028C2E4 /* MessageDataSource.swift in Sources */ = {isa = PBXBuildFile; fileRef = 551B96D1248FEAA90028C2E4 /* MessageDataSource.swift */; };
		551B96D4248FEB340028C2E4 /* MessageCellDelegate.swift in Sources */ = {isa = PBXBuildFile; fileRef = 551B96D3248FEB340028C2E4 /* MessageCellDelegate.swift */; };
		551B96D6248FEB4D0028C2E4 /* MessagesDisplayDelegate.swift in Sources */ = {isa = PBXBuildFile; fileRef = 551B96D5248FEB4D0028C2E4 /* MessagesDisplayDelegate.swift */; };
		551B96D8248FEB800028C2E4 /* MessagesLayoutDelegate.swift in Sources */ = {isa = PBXBuildFile; fileRef = 551B96D7248FEB800028C2E4 /* MessagesLayoutDelegate.swift */; };
		551B96DA248FEB9C0028C2E4 /* InputBarAccessoryViewDelegate.swift in Sources */ = {isa = PBXBuildFile; fileRef = 551B96D9248FEB9C0028C2E4 /* InputBarAccessoryViewDelegate.swift */; };
		551B96DD248FEC0D0028C2E4 /* MessageKitDefaults.swift in Sources */ = {isa = PBXBuildFile; fileRef = 551B96DC248FEC0D0028C2E4 /* MessageKitDefaults.swift */; };
		551B96DF248FED990028C2E4 /* FirebaseTypingListener.swift in Sources */ = {isa = PBXBuildFile; fileRef = 551B96DE248FED990028C2E4 /* FirebaseTypingListener.swift */; };
		551D53522496822B00548BF3 /* VideoMessage.swift in Sources */ = {isa = PBXBuildFile; fileRef = 551D53512496822B00548BF3 /* VideoMessage.swift */; };
		553778FF248E6B7900634648 /* ChatViewController.swift in Sources */ = {isa = PBXBuildFile; fileRef = 553778FE248E6B7900634648 /* ChatViewController.swift */; };
		5542CC43249F380A00C2A399 /* MapViewViewController.swift in Sources */ = {isa = PBXBuildFile; fileRef = 5542CC42249F380A00C2A399 /* MapViewViewController.swift */; };
		5542CC45249F3DD200C2A399 /* MapAnnotaion.swift in Sources */ = {isa = PBXBuildFile; fileRef = 5542CC44249F3DD200C2A399 /* MapAnnotaion.swift */; };
		5545A984249DE59B00AAAC30 /* LocationManager.swift in Sources */ = {isa = PBXBuildFile; fileRef = 5545A983249DE59B00AAAC30 /* LocationManager.swift */; };
		5545A986249E86A100AAAC30 /* LocationMessage.swift in Sources */ = {isa = PBXBuildFile; fileRef = 5545A985249E86A100AAAC30 /* LocationMessage.swift */; };
		556D779924C44DF900A9E475 /* BasicAudioControll.swift in Sources */ = {isa = PBXBuildFile; fileRef = 556D779824C44DF900A9E475 /* BasicAudioControll.swift */; };
		556EB49B2495F11200981245 /* PhotoMessage.swift in Sources */ = {isa = PBXBuildFile; fileRef = 556EB49A2495F11200981245 /* PhotoMessage.swift */; };
		557758B224880184000799E2 /* AppDelegate.swift in Sources */ = {isa = PBXBuildFile; fileRef = 557758B124880184000799E2 /* AppDelegate.swift */; };
		557758B424880184000799E2 /* SceneDelegate.swift in Sources */ = {isa = PBXBuildFile; fileRef = 557758B324880184000799E2 /* SceneDelegate.swift */; };
		557758B924880184000799E2 /* Main.storyboard in Resources */ = {isa = PBXBuildFile; fileRef = 557758B724880184000799E2 /* Main.storyboard */; };
		557758BB24880186000799E2 /* Assets.xcassets in Resources */ = {isa = PBXBuildFile; fileRef = 557758BA24880186000799E2 /* Assets.xcassets */; };
		557758BE24880186000799E2 /* LaunchScreen.storyboard in Resources */ = {isa = PBXBuildFile; fileRef = 557758BC24880186000799E2 /* LaunchScreen.storyboard */; };
		557758C624880846000799E2 /* LoginViewController.swift in Sources */ = {isa = PBXBuildFile; fileRef = 557758C524880846000799E2 /* LoginViewController.swift */; };
		557758C82488178A000799E2 /* User.swift in Sources */ = {isa = PBXBuildFile; fileRef = 557758C72488178A000799E2 /* User.swift */; };
		557758CA24881888000799E2 /* Constants.swift in Sources */ = {isa = PBXBuildFile; fileRef = 557758C924881888000799E2 /* Constants.swift */; };
		557EF1B324D5525A00A86039 /* AudioPlayer.swift in Sources */ = {isa = PBXBuildFile; fileRef = 557EF1B224D5525A00A86039 /* AudioPlayer.swift */; };
		558162902493E68E00343442 /* OutgoingMessage.swift in Sources */ = {isa = PBXBuildFile; fileRef = 5581628F2493E68E00343442 /* OutgoingMessage.swift */; };
		558162922493F92800343442 /* IncomingMessage.swift in Sources */ = {isa = PBXBuildFile; fileRef = 558162912493F92800343442 /* IncomingMessage.swift */; };
		55897647248D4DE000D544F1 /* UsersTableViewController.swift in Sources */ = {isa = PBXBuildFile; fileRef = 55897646248D4DE000D544F1 /* UsersTableViewController.swift */; };
		55897649248D4E4300D544F1 /* UserTableViewCell.swift in Sources */ = {isa = PBXBuildFile; fileRef = 55897648248D4E4300D544F1 /* UserTableViewCell.swift */; };
		55899FFF24E6A0BD00BA9D32 /* FirebaseMessageListener.swift in Sources */ = {isa = PBXBuildFile; fileRef = 55899FFE24E6A0BD00BA9D32 /* FirebaseMessageListener.swift */; };
		5592DE422493B16F0023EF5D /* MKMessage.swift in Sources */ = {isa = PBXBuildFile; fileRef = 5592DE412493B16F0023EF5D /* MKMessage.swift */; };
		5592DE442493B3A50023EF5D /* LocalMessage.swift in Sources */ = {isa = PBXBuildFile; fileRef = 5592DE432493B3A50023EF5D /* LocalMessage.swift */; };
		5592DE472493B5DE0023EF5D /* RealmManager.swift in Sources */ = {isa = PBXBuildFile; fileRef = 5592DE462493B5DE0023EF5D /* RealmManager.swift */; };
		55943D02248CAC2E00A7D557 /* Status.swift in Sources */ = {isa = PBXBuildFile; fileRef = 55943D01248CAC2E00A7D557 /* Status.swift */; };
		55943D07248CE0A600A7D557 /* FileStorage.swift in Sources */ = {isa = PBXBuildFile; fileRef = 55943D06248CE0A600A7D557 /* FileStorage.swift */; };
		55943D09248CE0D200A7D557 /* Reachability.swift in Sources */ = {isa = PBXBuildFile; fileRef = 55943D08248CE0D200A7D557 /* Reachability.swift */; };
		5596561624DFC31800345E58 /* Channel.swift in Sources */ = {isa = PBXBuildFile; fileRef = 5596561524DFC31800345E58 /* Channel.swift */; };
		55A31DBA24D73B14007F8643 /* ChannelTableViewController.swift in Sources */ = {isa = PBXBuildFile; fileRef = 55A31DB924D73B14007F8643 /* ChannelTableViewController.swift */; };
		55A3616924A0C21E00048E1D /* AudioRecorder.swift in Sources */ = {isa = PBXBuildFile; fileRef = 55A3616824A0C21E00048E1D /* AudioRecorder.swift */; };
		55A3616B24A1293000048E1D /* AudioMessage.swift in Sources */ = {isa = PBXBuildFile; fileRef = 55A3616A24A1293000048E1D /* AudioMessage.swift */; };
		55C024CA24D69ADE00F037EC /* ChannelsTableViewController.swift in Sources */ = {isa = PBXBuildFile; fileRef = 55C024C924D69ADE00F037EC /* ChannelsTableViewController.swift */; };
		55C024CC24D69AEE00F037EC /* AddChannelTableViewController.swift in Sources */ = {isa = PBXBuildFile; fileRef = 55C024CB24D69AEE00F037EC /* AddChannelTableViewController.swift */; };
		55C024CE24D6A6C400F037EC /* MyChannelsTableViewController.swift in Sources */ = {isa = PBXBuildFile; fileRef = 55C024CD24D6A6C400F037EC /* MyChannelsTableViewController.swift */; };
		55C024D024D6A71300F037EC /* FirebaseChannelListener.swift in Sources */ = {isa = PBXBuildFile; fileRef = 55C024CF24D6A71300F037EC /* FirebaseChannelListener.swift */; };
		55C024D224D6AB9600F037EC /* ChannelTableViewCell.swift in Sources */ = {isa = PBXBuildFile; fileRef = 55C024D124D6AB9600F037EC /* ChannelTableViewCell.swift */; };
		55C65B55248908FE00B28303 /* FirebaseUserListener.swift in Sources */ = {isa = PBXBuildFile; fileRef = 55C65B54248908FE00B28303 /* FirebaseUserListener.swift */; };
		55C65B572489092900B28303 /* FCollectionReference.swift in Sources */ = {isa = PBXBuildFile; fileRef = 55C65B562489092900B28303 /* FCollectionReference.swift */; };
		55C65B5E248C06BD00B28303 /* RecentTableViewCell.swift in Sources */ = {isa = PBXBuildFile; fileRef = 55C65B5D248C06BD00B28303 /* RecentTableViewCell.swift */; };
		55C65B61248C080A00B28303 /* RecentChat.swift in Sources */ = {isa = PBXBuildFile; fileRef = 55C65B60248C080A00B28303 /* RecentChat.swift */; };
		55C65B63248C095400B28303 /* Extensions.swift in Sources */ = {isa = PBXBuildFile; fileRef = 55C65B62248C095400B28303 /* Extensions.swift */; };
		55C65B65248C0A1600B28303 /* ChatsTableViewController.swift in Sources */ = {isa = PBXBuildFile; fileRef = 55C65B64248C0A1600B28303 /* ChatsTableViewController.swift */; };
		55C65B67248C0A9600B28303 /* SettingsTableViewController.swift in Sources */ = {isa = PBXBuildFile; fileRef = 55C65B66248C0A9600B28303 /* SettingsTableViewController.swift */; };
		55C65B69248C0B7200B28303 /* FirebaseRecentListener.swift in Sources */ = {isa = PBXBuildFile; fileRef = 55C65B68248C0B7100B28303 /* FirebaseRecentListener.swift */; };
		55C65B6B248C12A000B28303 /* EditProfileTableViewController.swift in Sources */ = {isa = PBXBuildFile; fileRef = 55C65B6A248C12A000B28303 /* EditProfileTableViewController.swift */; };
		55C65B6D248C140300B28303 /* StatusTableViewController.swift in Sources */ = {isa = PBXBuildFile; fileRef = 55C65B6C248C140300B28303 /* StatusTableViewController.swift */; };
		55C6CAD624954407006B0051 /* GoogleService-Info.plist in Resources */ = {isa = PBXBuildFile; fileRef = 55C6CAD524954407006B0051 /* GoogleService-Info.plist */; };
		55C6CAD924954D2F006B0051 /* PushNotifications.swift in Sources */ = {isa = PBXBuildFile; fileRef = 55C6CAD824954D2F006B0051 /* PushNotifications.swift */; };
		55C6CADB24954E76006B0051 /* GlobalFunctions.swift in Sources */ = {isa = PBXBuildFile; fileRef = 55C6CADA24954E76006B0051 /* GlobalFunctions.swift */; };
		55CE4B84248DF73600B74149 /* ProfileTableViewController.swift in Sources */ = {isa = PBXBuildFile; fileRef = 55CE4B83248DF73600B74149 /* ProfileTableViewController.swift */; };
		55CE4B87248DFFAD00B74149 /* StartChat.swift in Sources */ = {isa = PBXBuildFile; fileRef = 55CE4B86248DFFAD00B74149 /* StartChat.swift */; };
		BA4E709664C18642A7A8A6D9 /* Pods_Chat.framework in Frameworks */ = {isa = PBXBuildFile; fileRef = 6991365F8C9CEFFCB3ED9F10 /* Pods_Chat.framework */; };
/* End PBXBuildFile section */

/* Begin PBXFileReference section */
		5515811B24D87F8D00A99C38 /* ChannelChatViewController.swift */ = {isa = PBXFileReference; lastKnownFileType = sourcecode.swift; path = ChannelChatViewController.swift; sourceTree = "<group>"; };
		551B96D1248FEAA90028C2E4 /* MessageDataSource.swift */ = {isa = PBXFileReference; lastKnownFileType = sourcecode.swift; path = MessageDataSource.swift; sourceTree = "<group>"; };
		551B96D3248FEB340028C2E4 /* MessageCellDelegate.swift */ = {isa = PBXFileReference; lastKnownFileType = sourcecode.swift; path = MessageCellDelegate.swift; sourceTree = "<group>"; };
		551B96D5248FEB4D0028C2E4 /* MessagesDisplayDelegate.swift */ = {isa = PBXFileReference; lastKnownFileType = sourcecode.swift; path = MessagesDisplayDelegate.swift; sourceTree = "<group>"; };
		551B96D7248FEB800028C2E4 /* MessagesLayoutDelegate.swift */ = {isa = PBXFileReference; lastKnownFileType = sourcecode.swift; path = MessagesLayoutDelegate.swift; sourceTree = "<group>"; };
		551B96D9248FEB9C0028C2E4 /* InputBarAccessoryViewDelegate.swift */ = {isa = PBXFileReference; lastKnownFileType = sourcecode.swift; path = InputBarAccessoryViewDelegate.swift; sourceTree = "<group>"; };
		551B96DC248FEC0D0028C2E4 /* MessageKitDefaults.swift */ = {isa = PBXFileReference; lastKnownFileType = sourcecode.swift; path = MessageKitDefaults.swift; sourceTree = "<group>"; };
		551B96DE248FED990028C2E4 /* FirebaseTypingListener.swift */ = {isa = PBXFileReference; lastKnownFileType = sourcecode.swift; path = FirebaseTypingListener.swift; sourceTree = "<group>"; };
		551D53512496822B00548BF3 /* VideoMessage.swift */ = {isa = PBXFileReference; lastKnownFileType = sourcecode.swift; path = VideoMessage.swift; sourceTree = "<group>"; };
		553778FE248E6B7900634648 /* ChatViewController.swift */ = {isa = PBXFileReference; lastKnownFileType = sourcecode.swift; path = ChatViewController.swift; sourceTree = "<group>"; };
		5542CC42249F380A00C2A399 /* MapViewViewController.swift */ = {isa = PBXFileReference; lastKnownFileType = sourcecode.swift; path = MapViewViewController.swift; sourceTree = "<group>"; };
		5542CC44249F3DD200C2A399 /* MapAnnotaion.swift */ = {isa = PBXFileReference; lastKnownFileType = sourcecode.swift; path = MapAnnotaion.swift; sourceTree = "<group>"; };
		5545A983249DE59B00AAAC30 /* LocationManager.swift */ = {isa = PBXFileReference; lastKnownFileType = sourcecode.swift; path = LocationManager.swift; sourceTree = "<group>"; };
		5545A985249E86A100AAAC30 /* LocationMessage.swift */ = {isa = PBXFileReference; lastKnownFileType = sourcecode.swift; path = LocationMessage.swift; sourceTree = "<group>"; };
		556D779824C44DF900A9E475 /* BasicAudioControll.swift */ = {isa = PBXFileReference; lastKnownFileType = sourcecode.swift; path = BasicAudioControll.swift; sourceTree = "<group>"; };
		556EB49A2495F11200981245 /* PhotoMessage.swift */ = {isa = PBXFileReference; lastKnownFileType = sourcecode.swift; path = PhotoMessage.swift; sourceTree = "<group>"; };
		557758AE24880184000799E2 /* Chat.app */ = {isa = PBXFileReference; explicitFileType = wrapper.application; includeInIndex = 0; path = Chat.app; sourceTree = BUILT_PRODUCTS_DIR; };
		557758B124880184000799E2 /* AppDelegate.swift */ = {isa = PBXFileReference; lastKnownFileType = sourcecode.swift; path = AppDelegate.swift; sourceTree = "<group>"; };
		557758B324880184000799E2 /* SceneDelegate.swift */ = {isa = PBXFileReference; lastKnownFileType = sourcecode.swift; path = SceneDelegate.swift; sourceTree = "<group>"; };
		557758B824880184000799E2 /* Base */ = {isa = PBXFileReference; lastKnownFileType = file.storyboard; name = Base; path = Base.lproj/Main.storyboard; sourceTree = "<group>"; };
		557758BA24880186000799E2 /* Assets.xcassets */ = {isa = PBXFileReference; lastKnownFileType = folder.assetcatalog; path = Assets.xcassets; sourceTree = "<group>"; };
		557758BD24880186000799E2 /* Base */ = {isa = PBXFileReference; lastKnownFileType = file.storyboard; name = Base; path = Base.lproj/LaunchScreen.storyboard; sourceTree = "<group>"; };
		557758BF24880186000799E2 /* Info.plist */ = {isa = PBXFileReference; lastKnownFileType = text.plist.xml; path = Info.plist; sourceTree = "<group>"; };
		557758C524880846000799E2 /* LoginViewController.swift */ = {isa = PBXFileReference; lastKnownFileType = sourcecode.swift; path = LoginViewController.swift; sourceTree = "<group>"; };
		557758C72488178A000799E2 /* User.swift */ = {isa = PBXFileReference; lastKnownFileType = sourcecode.swift; path = User.swift; sourceTree = "<group>"; };
		557758C924881888000799E2 /* Constants.swift */ = {isa = PBXFileReference; lastKnownFileType = sourcecode.swift; path = Constants.swift; sourceTree = "<group>"; };
		557EF1B224D5525A00A86039 /* AudioPlayer.swift */ = {isa = PBXFileReference; lastKnownFileType = sourcecode.swift; path = AudioPlayer.swift; sourceTree = "<group>"; };
		5581628F2493E68E00343442 /* OutgoingMessage.swift */ = {isa = PBXFileReference; lastKnownFileType = sourcecode.swift; path = OutgoingMessage.swift; sourceTree = "<group>"; };
		558162912493F92800343442 /* IncomingMessage.swift */ = {isa = PBXFileReference; lastKnownFileType = sourcecode.swift; path = IncomingMessage.swift; sourceTree = "<group>"; };
		55897646248D4DE000D544F1 /* UsersTableViewController.swift */ = {isa = PBXFileReference; lastKnownFileType = sourcecode.swift; path = UsersTableViewController.swift; sourceTree = "<group>"; };
		55897648248D4E4300D544F1 /* UserTableViewCell.swift */ = {isa = PBXFileReference; lastKnownFileType = sourcecode.swift; path = UserTableViewCell.swift; sourceTree = "<group>"; };
		55899FFE24E6A0BD00BA9D32 /* FirebaseMessageListener.swift */ = {isa = PBXFileReference; lastKnownFileType = sourcecode.swift; path = FirebaseMessageListener.swift; sourceTree = "<group>"; };
		5592DE412493B16F0023EF5D /* MKMessage.swift */ = {isa = PBXFileReference; lastKnownFileType = sourcecode.swift; path = MKMessage.swift; sourceTree = "<group>"; };
		5592DE432493B3A50023EF5D /* LocalMessage.swift */ = {isa = PBXFileReference; lastKnownFileType = sourcecode.swift; path = LocalMessage.swift; sourceTree = "<group>"; };
		5592DE462493B5DE0023EF5D /* RealmManager.swift */ = {isa = PBXFileReference; lastKnownFileType = sourcecode.swift; path = RealmManager.swift; sourceTree = "<group>"; };
		55943D01248CAC2E00A7D557 /* Status.swift */ = {isa = PBXFileReference; lastKnownFileType = sourcecode.swift; path = Status.swift; sourceTree = "<group>"; };
		55943D06248CE0A600A7D557 /* FileStorage.swift */ = {isa = PBXFileReference; lastKnownFileType = sourcecode.swift; path = FileStorage.swift; sourceTree = "<group>"; };
		55943D08248CE0D200A7D557 /* Reachability.swift */ = {isa = PBXFileReference; lastKnownFileType = sourcecode.swift; path = Reachability.swift; sourceTree = "<group>"; };
		5596561524DFC31800345E58 /* Channel.swift */ = {isa = PBXFileReference; lastKnownFileType = sourcecode.swift; path = Channel.swift; sourceTree = "<group>"; };
		55A31DB924D73B14007F8643 /* ChannelTableViewController.swift */ = {isa = PBXFileReference; lastKnownFileType = sourcecode.swift; path = ChannelTableViewController.swift; sourceTree = "<group>"; };
		55A3616824A0C21E00048E1D /* AudioRecorder.swift */ = {isa = PBXFileReference; lastKnownFileType = sourcecode.swift; path = AudioRecorder.swift; sourceTree = "<group>"; };
		55A3616A24A1293000048E1D /* AudioMessage.swift */ = {isa = PBXFileReference; lastKnownFileType = sourcecode.swift; path = AudioMessage.swift; sourceTree = "<group>"; };
		55C024C924D69ADE00F037EC /* ChannelsTableViewController.swift */ = {isa = PBXFileReference; lastKnownFileType = sourcecode.swift; path = ChannelsTableViewController.swift; sourceTree = "<group>"; };
		55C024CB24D69AEE00F037EC /* AddChannelTableViewController.swift */ = {isa = PBXFileReference; lastKnownFileType = sourcecode.swift; path = AddChannelTableViewController.swift; sourceTree = "<group>"; };
		55C024CD24D6A6C400F037EC /* MyChannelsTableViewController.swift */ = {isa = PBXFileReference; lastKnownFileType = sourcecode.swift; path = MyChannelsTableViewController.swift; sourceTree = "<group>"; };
		55C024CF24D6A71300F037EC /* FirebaseChannelListener.swift */ = {isa = PBXFileReference; lastKnownFileType = sourcecode.swift; path = FirebaseChannelListener.swift; sourceTree = "<group>"; };
		55C024D124D6AB9600F037EC /* ChannelTableViewCell.swift */ = {isa = PBXFileReference; lastKnownFileType = sourcecode.swift; path = ChannelTableViewCell.swift; sourceTree = "<group>"; };
		55C65B54248908FE00B28303 /* FirebaseUserListener.swift */ = {isa = PBXFileReference; lastKnownFileType = sourcecode.swift; path = FirebaseUserListener.swift; sourceTree = "<group>"; };
		55C65B562489092900B28303 /* FCollectionReference.swift */ = {isa = PBXFileReference; lastKnownFileType = sourcecode.swift; path = FCollectionReference.swift; sourceTree = "<group>"; };
		55C65B5D248C06BD00B28303 /* RecentTableViewCell.swift */ = {isa = PBXFileReference; lastKnownFileType = sourcecode.swift; path = RecentTableViewCell.swift; sourceTree = "<group>"; };
		55C65B60248C080A00B28303 /* RecentChat.swift */ = {isa = PBXFileReference; lastKnownFileType = sourcecode.swift; path = RecentChat.swift; sourceTree = "<group>"; };
		55C65B62248C095400B28303 /* Extensions.swift */ = {isa = PBXFileReference; lastKnownFileType = sourcecode.swift; path = Extensions.swift; sourceTree = "<group>"; };
		55C65B64248C0A1600B28303 /* ChatsTableViewController.swift */ = {isa = PBXFileReference; lastKnownFileType = sourcecode.swift; path = ChatsTableViewController.swift; sourceTree = "<group>"; };
		55C65B66248C0A9600B28303 /* SettingsTableViewController.swift */ = {isa = PBXFileReference; lastKnownFileType = sourcecode.swift; path = SettingsTableViewController.swift; sourceTree = "<group>"; };
		55C65B68248C0B7100B28303 /* FirebaseRecentListener.swift */ = {isa = PBXFileReference; lastKnownFileType = sourcecode.swift; path = FirebaseRecentListener.swift; sourceTree = "<group>"; };
		55C65B6A248C12A000B28303 /* EditProfileTableViewController.swift */ = {isa = PBXFileReference; lastKnownFileType = sourcecode.swift; path = EditProfileTableViewController.swift; sourceTree = "<group>"; };
		55C65B6C248C140300B28303 /* StatusTableViewController.swift */ = {isa = PBXFileReference; lastKnownFileType = sourcecode.swift; path = StatusTableViewController.swift; sourceTree = "<group>"; };
		55C6CAD524954407006B0051 /* GoogleService-Info.plist */ = {isa = PBXFileReference; fileEncoding = 4; lastKnownFileType = text.plist.xml; path = "GoogleService-Info.plist"; sourceTree = "<group>"; };
		55C6CAD724954627006B0051 /* Chat.entitlements */ = {isa = PBXFileReference; lastKnownFileType = text.plist.entitlements; path = Chat.entitlements; sourceTree = "<group>"; };
		55C6CAD824954D2F006B0051 /* PushNotifications.swift */ = {isa = PBXFileReference; lastKnownFileType = sourcecode.swift; path = PushNotifications.swift; sourceTree = "<group>"; };
		55C6CADA24954E76006B0051 /* GlobalFunctions.swift */ = {isa = PBXFileReference; lastKnownFileType = sourcecode.swift; path = GlobalFunctions.swift; sourceTree = "<group>"; };
		55CE4B83248DF73600B74149 /* ProfileTableViewController.swift */ = {isa = PBXFileReference; lastKnownFileType = sourcecode.swift; path = ProfileTableViewController.swift; sourceTree = "<group>"; };
		55CE4B86248DFFAD00B74149 /* StartChat.swift */ = {isa = PBXFileReference; lastKnownFileType = sourcecode.swift; path = StartChat.swift; sourceTree = "<group>"; };
		6991365F8C9CEFFCB3ED9F10 /* Pods_Chat.framework */ = {isa = PBXFileReference; explicitFileType = wrapper.framework; includeInIndex = 0; path = Pods_Chat.framework; sourceTree = BUILT_PRODUCTS_DIR; };
		9BB3995B2461CEEDCF6E42EA /* Pods-Chat.debug.xcconfig */ = {isa = PBXFileReference; includeInIndex = 1; lastKnownFileType = text.xcconfig; name = "Pods-Chat.debug.xcconfig"; path = "Target Support Files/Pods-Chat/Pods-Chat.debug.xcconfig"; sourceTree = "<group>"; };
		ADAC571E70FD14D81805ED2A /* Pods-Chat.release.xcconfig */ = {isa = PBXFileReference; includeInIndex = 1; lastKnownFileType = text.xcconfig; name = "Pods-Chat.release.xcconfig"; path = "Target Support Files/Pods-Chat/Pods-Chat.release.xcconfig"; sourceTree = "<group>"; };
/* End PBXFileReference section */

/* Begin PBXFrameworksBuildPhase section */
		557758AB24880184000799E2 /* Frameworks */ = {
			isa = PBXFrameworksBuildPhase;
			buildActionMask = 2147483647;
			files = (
				BA4E709664C18642A7A8A6D9 /* Pods_Chat.framework in Frameworks */,
			);
			runOnlyForDeploymentPostprocessing = 0;
		};
/* End PBXFrameworksBuildPhase section */

/* Begin PBXGroup section */
		08FC6E524DC117FCC5D86089 /* Frameworks */ = {
			isa = PBXGroup;
			children = (
				6991365F8C9CEFFCB3ED9F10 /* Pods_Chat.framework */,
			);
			name = Frameworks;
			sourceTree = "<group>";
		};
		2E2C594F50C103959244F059 /* Pods */ = {
			isa = PBXGroup;
			children = (
				9BB3995B2461CEEDCF6E42EA /* Pods-Chat.debug.xcconfig */,
				ADAC571E70FD14D81805ED2A /* Pods-Chat.release.xcconfig */,
			);
			path = Pods;
			sourceTree = "<group>";
		};
		551B96DB248FEBD90028C2E4 /* ChatViewExtensions */ = {
			isa = PBXGroup;
			children = (
				551B96D1248FEAA90028C2E4 /* MessageDataSource.swift */,
				551B96D3248FEB340028C2E4 /* MessageCellDelegate.swift */,
				551B96D5248FEB4D0028C2E4 /* MessagesDisplayDelegate.swift */,
				551B96D7248FEB800028C2E4 /* MessagesLayoutDelegate.swift */,
				551B96D9248FEB9C0028C2E4 /* InputBarAccessoryViewDelegate.swift */,
			);
			path = ChatViewExtensions;
			sourceTree = "<group>";
		};
		5542CC46249F3DF100C2A399 /* Media Messages */ = {
			isa = PBXGroup;
			children = (
				556EB49A2495F11200981245 /* PhotoMessage.swift */,
				551D53512496822B00548BF3 /* VideoMessage.swift */,
				5545A985249E86A100AAAC30 /* LocationMessage.swift */,
				55A3616A24A1293000048E1D /* AudioMessage.swift */,
			);
			path = "Media Messages";
			sourceTree = "<group>";
		};
		557758A524880184000799E2 = {
			isa = PBXGroup;
			children = (
				557758B024880184000799E2 /* Chat */,
				557758AF24880184000799E2 /* Products */,
				2E2C594F50C103959244F059 /* Pods */,
				08FC6E524DC117FCC5D86089 /* Frameworks */,
			);
			sourceTree = "<group>";
		};
		557758AF24880184000799E2 /* Products */ = {
			isa = PBXGroup;
			children = (
				557758AE24880184000799E2 /* Chat.app */,
			);
			name = Products;
			sourceTree = "<group>";
		};
		557758B024880184000799E2 /* Chat */ = {
			isa = PBXGroup;
			children = (
				55C6CAD724954627006B0051 /* Chat.entitlements */,
				557758B124880184000799E2 /* AppDelegate.swift */,
				557758B324880184000799E2 /* SceneDelegate.swift */,
				557758C524880846000799E2 /* LoginViewController.swift */,
				55C65B64248C0A1600B28303 /* ChatsTableViewController.swift */,
				55C024C924D69ADE00F037EC /* ChannelsTableViewController.swift */,
				55897646248D4DE000D544F1 /* UsersTableViewController.swift */,
				55CE4B85248DFEE000B74149 /* Secondary Views */,
				55943D03248CC21300A7D557 /* Settings */,
				55C65B5F248C06E500B28303 /* CustomCells */,
				55C65B58248909CF00B28303 /* FirebaseHelpers */,
				55897643248D4C0E00D544F1 /* Notifications */,
				55C65B53248908E000B28303 /* Model */,
				55C65B52248908D700B28303 /* Helpers */,
				557758B724880184000799E2 /* Main.storyboard */,
				557758BA24880186000799E2 /* Assets.xcassets */,
				557758BC24880186000799E2 /* LaunchScreen.storyboard */,
				557758BF24880186000799E2 /* Info.plist */,
				55C6CAD524954407006B0051 /* GoogleService-Info.plist */,
			);
			path = Chat;
			sourceTree = "<group>";
		};
		55897643248D4C0E00D544F1 /* Notifications */ = {
			isa = PBXGroup;
			children = (
				55C6CAD824954D2F006B0051 /* PushNotifications.swift */,
			);
			path = Notifications;
			sourceTree = "<group>";
		};
		5592DE452493B5B90023EF5D /* RealmMessages */ = {
			isa = PBXGroup;
			children = (
				5592DE432493B3A50023EF5D /* LocalMessage.swift */,
				5592DE462493B5DE0023EF5D /* RealmManager.swift */,
			);
			path = RealmMessages;
			sourceTree = "<group>";
		};
		55943D03248CC21300A7D557 /* Settings */ = {
			isa = PBXGroup;
			children = (
				55C65B66248C0A9600B28303 /* SettingsTableViewController.swift */,
				55C65B6A248C12A000B28303 /* EditProfileTableViewController.swift */,
				55C65B6C248C140300B28303 /* StatusTableViewController.swift */,
			);
			path = Settings;
			sourceTree = "<group>";
		};
		55C65B52248908D700B28303 /* Helpers */ = {
			isa = PBXGroup;
			children = (
				557758C924881888000799E2 /* Constants.swift */,
				55C6CADA24954E76006B0051 /* GlobalFunctions.swift */,
				55C65B62248C095400B28303 /* Extensions.swift */,
				55943D08248CE0D200A7D557 /* Reachability.swift */,
				55CE4B86248DFFAD00B74149 /* StartChat.swift */,
				551B96DC248FEC0D0028C2E4 /* MessageKitDefaults.swift */,
			);
			path = Helpers;
			sourceTree = "<group>";
		};
		55C65B53248908E000B28303 /* Model */ = {
			isa = PBXGroup;
			children = (
				557758C72488178A000799E2 /* User.swift */,
				55C65B60248C080A00B28303 /* RecentChat.swift */,
				55943D01248CAC2E00A7D557 /* Status.swift */,
				5592DE412493B16F0023EF5D /* MKMessage.swift */,
				5581628F2493E68E00343442 /* OutgoingMessage.swift */,
				558162912493F92800343442 /* IncomingMessage.swift */,
				55A3616824A0C21E00048E1D /* AudioRecorder.swift */,
				5542CC46249F3DF100C2A399 /* Media Messages */,
				5545A983249DE59B00AAAC30 /* LocationManager.swift */,
				5542CC44249F3DD200C2A399 /* MapAnnotaion.swift */,
				556D779824C44DF900A9E475 /* BasicAudioControll.swift */,
				557EF1B224D5525A00A86039 /* AudioPlayer.swift */,
				5596561524DFC31800345E58 /* Channel.swift */,
				5592DE452493B5B90023EF5D /* RealmMessages */,
			);
			path = Model;
			sourceTree = "<group>";
		};
		55C65B58248909CF00B28303 /* FirebaseHelpers */ = {
			isa = PBXGroup;
			children = (
				55C65B54248908FE00B28303 /* FirebaseUserListener.swift */,
				55C65B68248C0B7100B28303 /* FirebaseRecentListener.swift */,
				551B96DE248FED990028C2E4 /* FirebaseTypingListener.swift */,
				55C024CF24D6A71300F037EC /* FirebaseChannelListener.swift */,
				55899FFE24E6A0BD00BA9D32 /* FirebaseMessageListener.swift */,
				55C65B562489092900B28303 /* FCollectionReference.swift */,
				55943D06248CE0A600A7D557 /* FileStorage.swift */,
			);
			path = FirebaseHelpers;
			sourceTree = "<group>";
		};
		55C65B5F248C06E500B28303 /* CustomCells */ = {
			isa = PBXGroup;
			children = (
				55C65B5D248C06BD00B28303 /* RecentTableViewCell.swift */,
				55897648248D4E4300D544F1 /* UserTableViewCell.swift */,
				55C024D124D6AB9600F037EC /* ChannelTableViewCell.swift */,
			);
			path = CustomCells;
			sourceTree = "<group>";
		};
		55CE4B85248DFEE000B74149 /* Secondary Views */ = {
			isa = PBXGroup;
			children = (
				55CE4B83248DF73600B74149 /* ProfileTableViewController.swift */,
				5542CC42249F380A00C2A399 /* MapViewViewController.swift */,
				553778FE248E6B7900634648 /* ChatViewController.swift */,
				5515811B24D87F8D00A99C38 /* ChannelChatViewController.swift */,
				55C024CD24D6A6C400F037EC /* MyChannelsTableViewController.swift */,
				55C024CB24D69AEE00F037EC /* AddChannelTableViewController.swift */,
				55A31DB924D73B14007F8643 /* ChannelTableViewController.swift */,
				551B96DB248FEBD90028C2E4 /* ChatViewExtensions */,
			);
			path = "Secondary Views";
			sourceTree = "<group>";
		};
/* End PBXGroup section */

/* Begin PBXNativeTarget section */
		557758AD24880184000799E2 /* Chat */ = {
			isa = PBXNativeTarget;
			buildConfigurationList = 557758C224880186000799E2 /* Build configuration list for PBXNativeTarget "Chat" */;
			buildPhases = (
				5FB84E20DF2EE229AD908B28 /* [CP] Check Pods Manifest.lock */,
				557758AA24880184000799E2 /* Sources */,
				557758AB24880184000799E2 /* Frameworks */,
				557758AC24880184000799E2 /* Resources */,
				8C68AA67732EA7F8831861DE /* [CP] Embed Pods Frameworks */,
			);
			buildRules = (
			);
			dependencies = (
			);
			name = Chat;
			productName = Chat;
			productReference = 557758AE24880184000799E2 /* Chat.app */;
			productType = "com.apple.product-type.application";
		};
/* End PBXNativeTarget section */

/* Begin PBXProject section */
		557758A624880184000799E2 /* Project object */ = {
			isa = PBXProject;
			attributes = {
				LastSwiftUpdateCheck = 1150;
				LastUpgradeCheck = 1150;
				ORGANIZATIONNAME = "David Kababyan";
				TargetAttributes = {
					557758AD24880184000799E2 = {
						CreatedOnToolsVersion = 11.5;
					};
				};
			};
			buildConfigurationList = 557758A924880184000799E2 /* Build configuration list for PBXProject "Chat" */;
			compatibilityVersion = "Xcode 9.3";
			developmentRegion = en;
			hasScannedForEncodings = 0;
			knownRegions = (
				en,
				Base,
			);
			mainGroup = 557758A524880184000799E2;
			productRefGroup = 557758AF24880184000799E2 /* Products */;
			projectDirPath = "";
			projectRoot = "";
			targets = (
				557758AD24880184000799E2 /* Chat */,
			);
		};
/* End PBXProject section */

/* Begin PBXResourcesBuildPhase section */
		557758AC24880184000799E2 /* Resources */ = {
			isa = PBXResourcesBuildPhase;
			buildActionMask = 2147483647;
			files = (
				557758BE24880186000799E2 /* LaunchScreen.storyboard in Resources */,
				557758BB24880186000799E2 /* Assets.xcassets in Resources */,
				557758B924880184000799E2 /* Main.storyboard in Resources */,
				55C6CAD624954407006B0051 /* GoogleService-Info.plist in Resources */,
			);
			runOnlyForDeploymentPostprocessing = 0;
		};
/* End PBXResourcesBuildPhase section */

/* Begin PBXShellScriptBuildPhase section */
		5FB84E20DF2EE229AD908B28 /* [CP] Check Pods Manifest.lock */ = {
			isa = PBXShellScriptBuildPhase;
			buildActionMask = 2147483647;
			files = (
			);
			inputFileListPaths = (
			);
			inputPaths = (
				"${PODS_PODFILE_DIR_PATH}/Podfile.lock",
				"${PODS_ROOT}/Manifest.lock",
			);
			name = "[CP] Check Pods Manifest.lock";
			outputFileListPaths = (
			);
			outputPaths = (
				"$(DERIVED_FILE_DIR)/Pods-Chat-checkManifestLockResult.txt",
			);
			runOnlyForDeploymentPostprocessing = 0;
			shellPath = /bin/sh;
			shellScript = "diff \"${PODS_PODFILE_DIR_PATH}/Podfile.lock\" \"${PODS_ROOT}/Manifest.lock\" > /dev/null\nif [ $? != 0 ] ; then\n    # print error to STDERR\n    echo \"error: The sandbox is not in sync with the Podfile.lock. Run 'pod install' or update your CocoaPods installation.\" >&2\n    exit 1\nfi\n# This output is used by Xcode 'outputs' to avoid re-running this script phase.\necho \"SUCCESS\" > \"${SCRIPT_OUTPUT_FILE_0}\"\n";
			showEnvVarsInLog = 0;
		};
		8C68AA67732EA7F8831861DE /* [CP] Embed Pods Frameworks */ = {
			isa = PBXShellScriptBuildPhase;
			buildActionMask = 2147483647;
			files = (
			);
			inputFileListPaths = (
				"${PODS_ROOT}/Target Support Files/Pods-Chat/Pods-Chat-frameworks-${CONFIGURATION}-input-files.xcfilelist",
			);
			name = "[CP] Embed Pods Frameworks";
			outputFileListPaths = (
				"${PODS_ROOT}/Target Support Files/Pods-Chat/Pods-Chat-frameworks-${CONFIGURATION}-output-files.xcfilelist",
			);
			runOnlyForDeploymentPostprocessing = 0;
			shellPath = /bin/sh;
			shellScript = "\"${PODS_ROOT}/Target Support Files/Pods-Chat/Pods-Chat-frameworks.sh\"\n";
			showEnvVarsInLog = 0;
		};
/* End PBXShellScriptBuildPhase section */

/* Begin PBXSourcesBuildPhase section */
		557758AA24880184000799E2 /* Sources */ = {
			isa = PBXSourcesBuildPhase;
			buildActionMask = 2147483647;
			files = (
				551B96D8248FEB800028C2E4 /* MessagesLayoutDelegate.swift in Sources */,
				55C65B61248C080A00B28303 /* RecentChat.swift in Sources */,
				5515811C24D87F8D00A99C38 /* ChannelChatViewController.swift in Sources */,
				55C65B6B248C12A000B28303 /* EditProfileTableViewController.swift in Sources */,
				55C024CE24D6A6C400F037EC /* MyChannelsTableViewController.swift in Sources */,
				55943D09248CE0D200A7D557 /* Reachability.swift in Sources */,
				55C024D224D6AB9600F037EC /* ChannelTableViewCell.swift in Sources */,
				55A31DBA24D73B14007F8643 /* ChannelTableViewController.swift in Sources */,
				55C6CAD924954D2F006B0051 /* PushNotifications.swift in Sources */,
				557758CA24881888000799E2 /* Constants.swift in Sources */,
				5542CC45249F3DD200C2A399 /* MapAnnotaion.swift in Sources */,
				557758C82488178A000799E2 /* User.swift in Sources */,
				551B96DD248FEC0D0028C2E4 /* MessageKitDefaults.swift in Sources */,
				55C024D024D6A71300F037EC /* FirebaseChannelListener.swift in Sources */,
				55A3616924A0C21E00048E1D /* AudioRecorder.swift in Sources */,
				5592DE422493B16F0023EF5D /* MKMessage.swift in Sources */,
				557EF1B324D5525A00A86039 /* AudioPlayer.swift in Sources */,
				55C65B6D248C140300B28303 /* StatusTableViewController.swift in Sources */,
				556D779924C44DF900A9E475 /* BasicAudioControll.swift in Sources */,
				55C65B572489092900B28303 /* FCollectionReference.swift in Sources */,
				551B96DA248FEB9C0028C2E4 /* InputBarAccessoryViewDelegate.swift in Sources */,
				556EB49B2495F11200981245 /* PhotoMessage.swift in Sources */,
				557758C624880846000799E2 /* LoginViewController.swift in Sources */,
				55C65B5E248C06BD00B28303 /* RecentTableViewCell.swift in Sources */,
				5596561624DFC31800345E58 /* Channel.swift in Sources */,
				551D53522496822B00548BF3 /* VideoMessage.swift in Sources */,
				551B96D2248FEAA90028C2E4 /* MessageDataSource.swift in Sources */,
				55C65B65248C0A1600B28303 /* ChatsTableViewController.swift in Sources */,
				5542CC43249F380A00C2A399 /* MapViewViewController.swift in Sources */,
				553778FF248E6B7900634648 /* ChatViewController.swift in Sources */,
				558162922493F92800343442 /* IncomingMessage.swift in Sources */,
				557758B224880184000799E2 /* AppDelegate.swift in Sources */,
				55943D07248CE0A600A7D557 /* FileStorage.swift in Sources */,
				5592DE442493B3A50023EF5D /* LocalMessage.swift in Sources */,
				55C65B67248C0A9600B28303 /* SettingsTableViewController.swift in Sources */,
				5545A984249DE59B00AAAC30 /* LocationManager.swift in Sources */,
				5545A986249E86A100AAAC30 /* LocationMessage.swift in Sources */,
				55943D02248CAC2E00A7D557 /* Status.swift in Sources */,
				55C65B55248908FE00B28303 /* FirebaseUserListener.swift in Sources */,
				55897649248D4E4300D544F1 /* UserTableViewCell.swift in Sources */,
				55C65B63248C095400B28303 /* Extensions.swift in Sources */,
				55C65B69248C0B7200B28303 /* FirebaseRecentListener.swift in Sources */,
				55897647248D4DE000D544F1 /* UsersTableViewController.swift in Sources */,
				55899FFF24E6A0BD00BA9D32 /* FirebaseMessageListener.swift in Sources */,
				551B96D4248FEB340028C2E4 /* MessageCellDelegate.swift in Sources */,
				551B96D6248FEB4D0028C2E4 /* MessagesDisplayDelegate.swift in Sources */,
				551B96DF248FED990028C2E4 /* FirebaseTypingListener.swift in Sources */,
				55CE4B87248DFFAD00B74149 /* StartChat.swift in Sources */,
				55CE4B84248DF73600B74149 /* ProfileTableViewController.swift in Sources */,
				558162902493E68E00343442 /* OutgoingMessage.swift in Sources */,
				55A3616B24A1293000048E1D /* AudioMessage.swift in Sources */,
				55C024CC24D69AEE00F037EC /* AddChannelTableViewController.swift in Sources */,
				557758B424880184000799E2 /* SceneDelegate.swift in Sources */,
				5592DE472493B5DE0023EF5D /* RealmManager.swift in Sources */,
				55C6CADB24954E76006B0051 /* GlobalFunctions.swift in Sources */,
				55C024CA24D69ADE00F037EC /* ChannelsTableViewController.swift in Sources */,
			);
			runOnlyForDeploymentPostprocessing = 0;
		};
/* End PBXSourcesBuildPhase section */

/* Begin PBXVariantGroup section */
		557758B724880184000799E2 /* Main.storyboard */ = {
			isa = PBXVariantGroup;
			children = (
				557758B824880184000799E2 /* Base */,
			);
			name = Main.storyboard;
			sourceTree = "<group>";
		};
		557758BC24880186000799E2 /* LaunchScreen.storyboard */ = {
			isa = PBXVariantGroup;
			children = (
				557758BD24880186000799E2 /* Base */,
			);
			name = LaunchScreen.storyboard;
			sourceTree = "<group>";
		};
/* End PBXVariantGroup section */

/* Begin XCBuildConfiguration section */
		557758C024880186000799E2 /* Debug */ = {
			isa = XCBuildConfiguration;
			buildSettings = {
				ALWAYS_SEARCH_USER_PATHS = NO;
				CLANG_ANALYZER_NONNULL = YES;
				CLANG_ANALYZER_NUMBER_OBJECT_CONVERSION = YES_AGGRESSIVE;
				CLANG_CXX_LANGUAGE_STANDARD = "gnu++14";
				CLANG_CXX_LIBRARY = "libc++";
				CLANG_ENABLE_MODULES = YES;
				CLANG_ENABLE_OBJC_ARC = YES;
				CLANG_ENABLE_OBJC_WEAK = YES;
				CLANG_WARN_BLOCK_CAPTURE_AUTORELEASING = YES;
				CLANG_WARN_BOOL_CONVERSION = YES;
				CLANG_WARN_COMMA = YES;
				CLANG_WARN_CONSTANT_CONVERSION = YES;
				CLANG_WARN_DEPRECATED_OBJC_IMPLEMENTATIONS = YES;
				CLANG_WARN_DIRECT_OBJC_ISA_USAGE = YES_ERROR;
				CLANG_WARN_DOCUMENTATION_COMMENTS = YES;
				CLANG_WARN_EMPTY_BODY = YES;
				CLANG_WARN_ENUM_CONVERSION = YES;
				CLANG_WARN_INFINITE_RECURSION = YES;
				CLANG_WARN_INT_CONVERSION = YES;
				CLANG_WARN_NON_LITERAL_NULL_CONVERSION = YES;
				CLANG_WARN_OBJC_IMPLICIT_RETAIN_SELF = YES;
				CLANG_WARN_OBJC_LITERAL_CONVERSION = YES;
				CLANG_WARN_OBJC_ROOT_CLASS = YES_ERROR;
				CLANG_WARN_RANGE_LOOP_ANALYSIS = YES;
				CLANG_WARN_STRICT_PROTOTYPES = YES;
				CLANG_WARN_SUSPICIOUS_MOVE = YES;
				CLANG_WARN_UNGUARDED_AVAILABILITY = YES_AGGRESSIVE;
				CLANG_WARN_UNREACHABLE_CODE = YES;
				CLANG_WARN__DUPLICATE_METHOD_MATCH = YES;
				COPY_PHASE_STRIP = NO;
				DEBUG_INFORMATION_FORMAT = dwarf;
				ENABLE_STRICT_OBJC_MSGSEND = YES;
				ENABLE_TESTABILITY = YES;
				GCC_C_LANGUAGE_STANDARD = gnu11;
				GCC_DYNAMIC_NO_PIC = NO;
				GCC_NO_COMMON_BLOCKS = YES;
				GCC_OPTIMIZATION_LEVEL = 0;
				GCC_PREPROCESSOR_DEFINITIONS = (
					"DEBUG=1",
					"$(inherited)",
				);
				GCC_WARN_64_TO_32_BIT_CONVERSION = YES;
				GCC_WARN_ABOUT_RETURN_TYPE = YES_ERROR;
				GCC_WARN_UNDECLARED_SELECTOR = YES;
				GCC_WARN_UNINITIALIZED_AUTOS = YES_AGGRESSIVE;
				GCC_WARN_UNUSED_FUNCTION = YES;
				GCC_WARN_UNUSED_VARIABLE = YES;
				IPHONEOS_DEPLOYMENT_TARGET = 13.5;
				MTL_ENABLE_DEBUG_INFO = INCLUDE_SOURCE;
				MTL_FAST_MATH = YES;
				ONLY_ACTIVE_ARCH = YES;
				SDKROOT = iphoneos;
				SWIFT_ACTIVE_COMPILATION_CONDITIONS = DEBUG;
				SWIFT_OPTIMIZATION_LEVEL = "-Onone";
			};
			name = Debug;
		};
		557758C124880186000799E2 /* Release */ = {
			isa = XCBuildConfiguration;
			buildSettings = {
				ALWAYS_SEARCH_USER_PATHS = NO;
				CLANG_ANALYZER_NONNULL = YES;
				CLANG_ANALYZER_NUMBER_OBJECT_CONVERSION = YES_AGGRESSIVE;
				CLANG_CXX_LANGUAGE_STANDARD = "gnu++14";
				CLANG_CXX_LIBRARY = "libc++";
				CLANG_ENABLE_MODULES = YES;
				CLANG_ENABLE_OBJC_ARC = YES;
				CLANG_ENABLE_OBJC_WEAK = YES;
				CLANG_WARN_BLOCK_CAPTURE_AUTORELEASING = YES;
				CLANG_WARN_BOOL_CONVERSION = YES;
				CLANG_WARN_COMMA = YES;
				CLANG_WARN_CONSTANT_CONVERSION = YES;
				CLANG_WARN_DEPRECATED_OBJC_IMPLEMENTATIONS = YES;
				CLANG_WARN_DIRECT_OBJC_ISA_USAGE = YES_ERROR;
				CLANG_WARN_DOCUMENTATION_COMMENTS = YES;
				CLANG_WARN_EMPTY_BODY = YES;
				CLANG_WARN_ENUM_CONVERSION = YES;
				CLANG_WARN_INFINITE_RECURSION = YES;
				CLANG_WARN_INT_CONVERSION = YES;
				CLANG_WARN_NON_LITERAL_NULL_CONVERSION = YES;
				CLANG_WARN_OBJC_IMPLICIT_RETAIN_SELF = YES;
				CLANG_WARN_OBJC_LITERAL_CONVERSION = YES;
				CLANG_WARN_OBJC_ROOT_CLASS = YES_ERROR;
				CLANG_WARN_RANGE_LOOP_ANALYSIS = YES;
				CLANG_WARN_STRICT_PROTOTYPES = YES;
				CLANG_WARN_SUSPICIOUS_MOVE = YES;
				CLANG_WARN_UNGUARDED_AVAILABILITY = YES_AGGRESSIVE;
				CLANG_WARN_UNREACHABLE_CODE = YES;
				CLANG_WARN__DUPLICATE_METHOD_MATCH = YES;
				COPY_PHASE_STRIP = NO;
				DEBUG_INFORMATION_FORMAT = "dwarf-with-dsym";
				ENABLE_NS_ASSERTIONS = NO;
				ENABLE_STRICT_OBJC_MSGSEND = YES;
				GCC_C_LANGUAGE_STANDARD = gnu11;
				GCC_NO_COMMON_BLOCKS = YES;
				GCC_WARN_64_TO_32_BIT_CONVERSION = YES;
				GCC_WARN_ABOUT_RETURN_TYPE = YES_ERROR;
				GCC_WARN_UNDECLARED_SELECTOR = YES;
				GCC_WARN_UNINITIALIZED_AUTOS = YES_AGGRESSIVE;
				GCC_WARN_UNUSED_FUNCTION = YES;
				GCC_WARN_UNUSED_VARIABLE = YES;
				IPHONEOS_DEPLOYMENT_TARGET = 13.5;
				MTL_ENABLE_DEBUG_INFO = NO;
				MTL_FAST_MATH = YES;
				SDKROOT = iphoneos;
				SWIFT_COMPILATION_MODE = wholemodule;
				SWIFT_OPTIMIZATION_LEVEL = "-O";
				VALIDATE_PRODUCT = YES;
			};
			name = Release;
		};
		557758C324880186000799E2 /* Debug */ = {
			isa = XCBuildConfiguration;
			baseConfigurationReference = 9BB3995B2461CEEDCF6E42EA /* Pods-Chat.debug.xcconfig */;
			buildSettings = {
				ASSETCATALOG_COMPILER_APPICON_NAME = AppIcon;
				CODE_SIGN_ENTITLEMENTS = Chat/Chat.entitlements;
				CODE_SIGN_STYLE = Automatic;
				DEVELOPMENT_TEAM = 7P6AJEE272;
				INFOPLIST_FILE = Chat/Info.plist;
				LD_RUNPATH_SEARCH_PATHS = (
					"$(inherited)",
					"@executable_path/Frameworks",
				);
				PRODUCT_BUNDLE_IDENTIFIER = com.iosdevschool.iDSChat;
				PRODUCT_NAME = "$(TARGET_NAME)";
				SWIFT_VERSION = 5.0;
				TARGETED_DEVICE_FAMILY = "1,2";
			};
			name = Debug;
		};
		557758C424880186000799E2 /* Release */ = {
			isa = XCBuildConfiguration;
			baseConfigurationReference = ADAC571E70FD14D81805ED2A /* Pods-Chat.release.xcconfig */;
			buildSettings = {
				ASSETCATALOG_COMPILER_APPICON_NAME = AppIcon;
				CODE_SIGN_ENTITLEMENTS = Chat/Chat.entitlements;
				CODE_SIGN_STYLE = Automatic;
				DEVELOPMENT_TEAM = 7P6AJEE272;
				INFOPLIST_FILE = Chat/Info.plist;
				LD_RUNPATH_SEARCH_PATHS = (
					"$(inherited)",
					"@executable_path/Frameworks",
				);
				PRODUCT_BUNDLE_IDENTIFIER = com.iosdevschool.iDSChat;
				PRODUCT_NAME = "$(TARGET_NAME)";
				SWIFT_VERSION = 5.0;
				TARGETED_DEVICE_FAMILY = "1,2";
			};
			name = Release;
		};
/* End XCBuildConfiguration section */

/* Begin XCConfigurationList section */
		557758A924880184000799E2 /* Build configuration list for PBXProject "Chat" */ = {
			isa = XCConfigurationList;
			buildConfigurations = (
				557758C024880186000799E2 /* Debug */,
				557758C124880186000799E2 /* Release */,
			);
			defaultConfigurationIsVisible = 0;
			defaultConfigurationName = Release;
		};
		557758C224880186000799E2 /* Build configuration list for PBXNativeTarget "Chat" */ = {
			isa = XCConfigurationList;
			buildConfigurations = (
				557758C324880186000799E2 /* Debug */,
				557758C424880186000799E2 /* Release */,
			);
			defaultConfigurationIsVisible = 0;
			defaultConfigurationName = Release;
		};
/* End XCConfigurationList section */
	};
	rootObject = 557758A624880184000799E2 /* Project object */;
}
